# This file was autogenerated by Stack.
# You should not edit this file by hand.
# For more information, please see the documentation at:
#   https://docs.haskellstack.org/en/stable/topics/lock_files

packages: []
snapshots:
- completed:
    sha256: 7ddb384ff31e74db316c3be0cca867bdc105e6fa0a0b726f93a53a0f21a1723a
    size: 775715
    url: https://raw.githubusercontent.com/commercialhaskell/stackage-snapshots/master/nightly/2026/9/20.yaml
  original: nightly-2026-09-20
